
Microsoft Visual Studio Solution File, Format Version 12.00
# Visual Studio 15
VisualStudioVersion = 15.0.28307.106
MinimumVisualStudioVersion = 10.0.40219.1
Project("{8BC9CEB8-8B4A-11D0-8D11-00A0C91BC942}") = "Theif_Porker", "Theif_Porker\Theif_Porker.vcxproj", "{19955695-C5EB-4FF2-BB93-4BE0792440B6}"
EndProject
Global
	GlobalSection(SolutionConfigurationPlatforms) = preSolution
		Debug|x64 = Debug|x64
		Debug|x86 = Debug|x86
		Release|x64 = Release|x64
		Release|x86 = Release|x86
	EndGlobalSection
	GlobalSection(ProjectConfigurationPlatforms) = postSolution
		{19955695-C5EB-4FF2-BB93-4BE0792440B6}.Debug|x64.ActiveCfg = Debug|x64
		{19955695-C5EB-4FF2-BB93-4BE0792440B6}.Debug|x64.Build.0 = Debug|x64
		{19955695-C5EB-4FF2-BB93-4BE0792440B6}.Debug|x86.ActiveCfg = Debug|Win32
		{19955695-C5EB-4FF2-BB93-4BE0792440B6}.Debug|x86.Build.0 = Debug|Win32
		{19955695-C5EB-4FF2-BB93-4BE0792440B6}.Release|x64.ActiveCfg = Release|x64
		{19955695-C5EB-4FF2-BB93-4BE0792440B6}.Release|x64.Build.0 = Release|x64
		{19955695-C5EB-4FF2-BB93-4BE0792440B6}.Release|x86.ActiveCfg = Release|Win32
		{19955695-C5EB-4FF2-BB93-4BE0792440B6}.Release|x86.Build.0 = Release|Win32
	EndGlobalSection
	GlobalSection(SolutionProperties) = preSolution
		HideSolutionNode = FALSE
	EndGlobalSection
	GlobalSection(ExtensibilityGlobals) = postSolution
		SolutionGuid = {E4043B43-BDE7-41D7-83E8-667451E50C42}
	EndGlobalSection
EndGlobal
